
Microsoft Visual Studio Solution File, Format Version 12.00
# Visual Studio Version 17
VisualStudioVersion = 17.8.34601.278
MinimumVisualStudioVersion = 10.0.40219.1
Project("{FAE04EC0-301F-11D3-BF4B-00C04F79EFBC}") = "Minesweeper", "Minesweeper\Minesweeper.csproj", "{3E72DA71-89F6-4E35-963E-801F6F148885}"
EndProject
Project("{FAE04EC0-301F-11D3-BF4B-00C04F79EFBC}") = "Minesweeper.Logic", "Minesweeper.Logic\Minesweeper.Logic.csproj", "{E035EDB8-5D0F-477E-B065-F01770248A1E}"
EndProject
Project("{FAE04EC0-301F-11D3-BF4B-00C04F79EFBC}") = "Minesweeper.Test", "Minesweeper.Test\Minesweeper.Test.csproj", "{69D28C8C-3BB9-42E1-BF2B-0A54DB23F73D}"
EndProject
Global
	GlobalSection(SolutionConfigurationPlatforms) = preSolution
		Debug|Any CPU = Debug|Any CPU
		Release|Any CPU = Release|Any CPU
	EndGlobalSection
	GlobalSection(ProjectConfigurationPlatforms) = postSolution
		{3E72DA71-89F6-4E35-963E-801F6F148885}.Debug|Any CPU.ActiveCfg = Debug|Any CPU
		{3E72DA71-89F6-4E35-963E-801F6F148885}.Debug|Any CPU.Build.0 = Debug|Any CPU
		{3E72DA71-89F6-4E35-963E-801F6F148885}.Release|Any CPU.ActiveCfg = Release|Any CPU
		{3E72DA71-89F6-4E35-963E-801F6F148885}.Release|Any CPU.Build.0 = Release|Any CPU
		{E035EDB8-5D0F-477E-B065-F01770248A1E}.Debug|Any CPU.ActiveCfg = Debug|Any CPU
		{E035EDB8-5D0F-477E-B065-F01770248A1E}.Debug|Any CPU.Build.0 = Debug|Any CPU
		{E035EDB8-5D0F-477E-B065-F01770248A1E}.Release|Any CPU.ActiveCfg = Release|Any CPU
		{E035EDB8-5D0F-477E-B065-F01770248A1E}.Release|Any CPU.Build.0 = Release|Any CPU
		{69D28C8C-3BB9-42E1-BF2B-0A54DB23F73D}.Debug|Any CPU.ActiveCfg = Debug|Any CPU
		{69D28C8C-3BB9-42E1-BF2B-0A54DB23F73D}.Debug|Any CPU.Build.0 = Debug|Any CPU
		{69D28C8C-3BB9-42E1-BF2B-0A54DB23F73D}.Release|Any CPU.ActiveCfg = Release|Any CPU
		{69D28C8C-3BB9-42E1-BF2B-0A54DB23F73D}.Release|Any CPU.Build.0 = Release|Any CPU
	EndGlobalSection
	GlobalSection(SolutionProperties) = preSolution
		HideSolutionNode = FALSE
	EndGlobalSection
	GlobalSection(ExtensibilityGlobals) = postSolution
		SolutionGuid = {C9379BCE-D703-46AC-8F0E-0EED1F1F9B0E}
	EndGlobalSection
EndGlobal
